
Microsoft Visual Studio Solution File, Format Version 12.00
# Visual Studio Version 16
VisualStudioVersion = 16.0.34601.136
MinimumVisualStudioVersion = 10.0.40219.1
Project("{FAE04EC0-301F-11D3-BF4B-00C04F79EFBC}") = "S", "SOLID\S.csproj", "{EA983CFA-A422-4348-A3C0-E200540EF304}"
EndProject
Project("{FAE04EC0-301F-11D3-BF4B-00C04F79EFBC}") = "D", "S\D.csproj", "{00B48CD2-5517-48BA-89FD-315C36828DC9}"
EndProject
Project("{FAE04EC0-301F-11D3-BF4B-00C04F79EFBC}") = "O", "O\O.csproj", "{9F9EFD7E-6C0D-4947-8E7D-B0ADBF2C2626}"
EndProject
Project("{FAE04EC0-301F-11D3-BF4B-00C04F79EFBC}") = "L", "L\L.csproj", "{31417E77-73F7-40CD-8336-FD7AAF661FCE}"
EndProject
Project("{FAE04EC0-301F-11D3-BF4B-00C04F79EFBC}") = "I", "F\I.csproj", "{2D6DC64E-6E26-4C7A-BC39-88CC83921AA2}"
EndProject
Global
	GlobalSection(SolutionConfigurationPlatforms) = preSolution
		Debug|Any CPU = Debug|Any CPU
		Release|Any CPU = Release|Any CPU
	EndGlobalSection
	GlobalSection(ProjectConfigurationPlatforms) = postSolution
		{EA983CFA-A422-4348-A3C0-E200540EF304}.Debug|Any CPU.ActiveCfg = Debug|Any CPU
		{EA983CFA-A422-4348-A3C0-E200540EF304}.Debug|Any CPU.Build.0 = Debug|Any CPU
		{EA983CFA-A422-4348-A3C0-E200540EF304}.Release|Any CPU.ActiveCfg = Release|Any CPU
		{EA983CFA-A422-4348-A3C0-E200540EF304}.Release|Any CPU.Build.0 = Release|Any CPU
		{00B48CD2-5517-48BA-89FD-315C36828DC9}.Debug|Any CPU.ActiveCfg = Debug|Any CPU
		{00B48CD2-5517-48BA-89FD-315C36828DC9}.Debug|Any CPU.Build.0 = Debug|Any CPU
		{00B48CD2-5517-48BA-89FD-315C36828DC9}.Release|Any CPU.ActiveCfg = Release|Any CPU
		{00B48CD2-5517-48BA-89FD-315C36828DC9}.Release|Any CPU.Build.0 = Release|Any CPU
		{9F9EFD7E-6C0D-4947-8E7D-B0ADBF2C2626}.Debug|Any CPU.ActiveCfg = Debug|Any CPU
		{9F9EFD7E-6C0D-4947-8E7D-B0ADBF2C2626}.Debug|Any CPU.Build.0 = Debug|Any CPU
		{9F9EFD7E-6C0D-4947-8E7D-B0ADBF2C2626}.Release|Any CPU.ActiveCfg = Release|Any CPU
		{9F9EFD7E-6C0D-4947-8E7D-B0ADBF2C2626}.Release|Any CPU.Build.0 = Release|Any CPU
		{31417E77-73F7-40CD-8336-FD7AAF661FCE}.Debug|Any CPU.ActiveCfg = Debug|Any CPU
		{31417E77-73F7-40CD-8336-FD7AAF661FCE}.Debug|Any CPU.Build.0 = Debug|Any CPU
		{31417E77-73F7-40CD-8336-FD7AAF661FCE}.Release|Any CPU.ActiveCfg = Release|Any CPU
		{31417E77-73F7-40CD-8336-FD7AAF661FCE}.Release|Any CPU.Build.0 = Release|Any CPU
		{2D6DC64E-6E26-4C7A-BC39-88CC83921AA2}.Debug|Any CPU.ActiveCfg = Debug|Any CPU
		{2D6DC64E-6E26-4C7A-BC39-88CC83921AA2}.Debug|Any CPU.Build.0 = Debug|Any CPU
		{2D6DC64E-6E26-4C7A-BC39-88CC83921AA2}.Release|Any CPU.ActiveCfg = Release|Any CPU
		{2D6DC64E-6E26-4C7A-BC39-88CC83921AA2}.Release|Any CPU.Build.0 = Release|Any CPU
	EndGlobalSection
	GlobalSection(SolutionProperties) = preSolution
		HideSolutionNode = FALSE
	EndGlobalSection
	GlobalSection(ExtensibilityGlobals) = postSolution
		SolutionGuid = {182D960A-8569-4B40-A772-BD3CD45CE171}
	EndGlobalSection
EndGlobal
